
Microsoft Visual Studio Solution File, Format Version 12.00
# Visual Studio Version 16
VisualStudioVersion = 16.0.29215.179
MinimumVisualStudioVersion = 10.0.40219.1
Project("{FAE04EC0-301F-11D3-BF4B-00C04F79EFBC}") = "Done", "Done\Done.csproj", "{7EA271A2-13CC-4DEF-8F52-B2BABF5DD502}"
EndProject
Global
	GlobalSection(SolutionConfigurationPlatforms) = preSolution
		Debug|Any CPU = Debug|Any CPU
		Debug|x86 = Debug|x86
		Release|Any CPU = Release|Any CPU
		Release|x86 = Release|x86
	EndGlobalSection
	GlobalSection(ProjectConfigurationPlatforms) = postSolution
		{7EA271A2-13CC-4DEF-8F52-B2BABF5DD502}.Debug|Any CPU.ActiveCfg = Debug|Any CPU
		{7EA271A2-13CC-4DEF-8F52-B2BABF5DD502}.Debug|Any CPU.Build.0 = Debug|Any CPU
		{7EA271A2-13CC-4DEF-8F52-B2BABF5DD502}.Debug|x86.ActiveCfg = Debug|Any CPU
		{7EA271A2-13CC-4DEF-8F52-B2BABF5DD502}.Debug|x86.Build.0 = Debug|Any CPU
		{7EA271A2-13CC-4DEF-8F52-B2BABF5DD502}.Release|Any CPU.ActiveCfg = Release|Any CPU
		{7EA271A2-13CC-4DEF-8F52-B2BABF5DD502}.Release|Any CPU.Build.0 = Release|Any CPU
		{7EA271A2-13CC-4DEF-8F52-B2BABF5DD502}.Release|x86.ActiveCfg = Release|Any CPU
		{7EA271A2-13CC-4DEF-8F52-B2BABF5DD502}.Release|x86.Build.0 = Release|Any CPU
	EndGlobalSection
	GlobalSection(SolutionProperties) = preSolution
		HideSolutionNode = FALSE
	EndGlobalSection
	GlobalSection(ExtensibilityGlobals) = postSolution
		SolutionGuid = {F9A9109B-AACE-4C31-BB12-0F3AB6DEDE16}
	EndGlobalSection
EndGlobal
